// !$*UTF8*$!
{
	archiveVersion = 1;
	classes = {
	};
	objectVersion = 46;
	objects = {

/* Begin PBXBuildFile section */
		F6D6BCE11DA40C0E0099620B /* AppDelegate.swift in Sources */ = {isa = PBXBuildFile; fileRef = F6D6BCE01DA40C0E0099620B /* AppDelegate.swift */; };
		F6D6BCE31DA40C0E0099620B /* ViewController.swift in Sources */ = {isa = PBXBuildFile; fileRef = F6D6BCE21DA40C0E0099620B /* ViewController.swift */; };
		F6D6BCE61DA40C0E0099620B /* Main.storyboard in Resources */ = {isa = PBXBuildFile; fileRef = F6D6BCE41DA40C0E0099620B /* Main.storyboard */; };
		F6D6BCE81DA40C0E0099620B /* Assets.xcassets in Resources */ = {isa = PBXBuildFile; fileRef = F6D6BCE71DA40C0E0099620B /* Assets.xcassets */; };
		F6D6BCEB1DA40C0E0099620B /* LaunchScreen.storyboard in Resources */ = {isa = PBXBuildFile; fileRef = F6D6BCE91DA40C0E0099620B /* LaunchScreen.storyboard */; };
		F6D6BCF41DA40D590099620B /* CoreLocation.framework in Frameworks */ = {isa = PBXBuildFile; fileRef = F6D6BCF31DA40D590099620B /* CoreLocation.framework */; };
		F6D6BCF61DA40E4D0099620B /* Park.swift in Sources */ = {isa = PBXBuildFile; fileRef = F6D6BCF51DA40E4D0099620B /* Park.swift */; };
		F6D6BCF81DA40ED60099620B /* data.plist in Resources */ = {isa = PBXBuildFile; fileRef = F6D6BCF71DA40ED60099620B /* data.plist */; };
/* End PBXBuildFile section */

/* Begin PBXFileReference section */
		F6D6BCDD1DA40C0E0099620B /* npf2.app */ = {isa = PBXFileReference; explicitFileType = wrapper.application; includeInIndex = 0; path = npf2.app; sourceTree = BUILT_PRODUCTS_DIR; };
		F6D6BCE01DA40C0E0099620B /* AppDelegate.swift */ = {isa = PBXFileReference; lastKnownFileType = sourcecode.swift; path = AppDelegate.swift; sourceTree = "<group>"; };
		F6D6BCE21DA40C0E0099620B /* ViewController.swift */ = {isa = PBXFileReference; lastKnownFileType = sourcecode.swift; path = ViewController.swift; sourceTree = "<group>"; };
		F6D6BCE51DA40C0E0099620B /* Base */ = {isa = PBXFileReference; lastKnownFileType = file.storyboard; name = Base; path = Base.lproj/Main.storyboard; sourceTree = "<group>"; };
		F6D6BCE71DA40C0E0099620B /* Assets.xcassets */ = {isa = PBXFileReference; lastKnownFileType = folder.assetcatalog; path = Assets.xcassets; sourceTree = "<group>"; };
		F6D6BCEA1DA40C0E0099620B /* Base */ = {isa = PBXFileReference; lastKnownFileType = file.storyboard; name = Base; path = Base.lproj/LaunchScreen.storyboard; sourceTree = "<group>"; };
		F6D6BCEC1DA40C0E0099620B /* Info.plist */ = {isa = PBXFileReference; lastKnownFileType = text.plist.xml; path = Info.plist; sourceTree = "<group>"; };
		F6D6BCF31DA40D590099620B /* CoreLocation.framework */ = {isa = PBXFileReference; lastKnownFileType = wrapper.framework; name = CoreLocation.framework; path = System/Library/Frameworks/CoreLocation.framework; sourceTree = SDKROOT; };
		F6D6BCF51DA40E4D0099620B /* Park.swift */ = {isa = PBXFileReference; fileEncoding = 4; lastKnownFileType = sourcecode.swift; path = Park.swift; sourceTree = "<group>"; };
		F6D6BCF71DA40ED60099620B /* data.plist */ = {isa = PBXFileReference; fileEncoding = 4; lastKnownFileType = text.plist.xml; path = data.plist; sourceTree = "<group>"; };
/* End PBXFileReference section */

/* Begin PBXFrameworksBuildPhase section */
		F6D6BCDA1DA40C090099620B /* Frameworks */ = {
			isa = PBXFrameworksBuildPhase;
			buildActionMask = 2147483647;
			files = (
				F6D6BCF41DA40D590099620B /* CoreLocation.framework in Frameworks */,
			);
			runOnlyForDeploymentPostprocessing = 0;
		};
/* End PBXFrameworksBuildPhase section */

/* Begin PBXGroup section */
		F6D6BCD41DA40C080099620B = {
			isa = PBXGroup;
			children = (
				F6D6BCDF1DA40C0E0099620B /* npf2 */,
				F6D6BCDE1DA40C0E0099620B /* Products */,
				F6D6BCF21DA40D590099620B /* Frameworks */,
			);
			sourceTree = "<group>";
		};
		F6D6BCDE1DA40C0E0099620B /* Products */ = {
			isa = PBXGroup;
			children = (
				F6D6BCDD1DA40C0E0099620B /* npf2.app */,
			);
			name = Products;
			sourceTree = "<group>";
		};
		F6D6BCDF1DA40C0E0099620B /* npf2 */ = {
			isa = PBXGroup;
			children = (
				F6D6BCF71DA40ED60099620B /* data.plist */,
				F6D6BCE01DA40C0E0099620B /* AppDelegate.swift */,
				F6D6BCE21DA40C0E0099620B /* ViewController.swift */,
				F6D6BCE41DA40C0E0099620B /* Main.storyboard */,
				F6D6BCE71DA40C0E0099620B /* Assets.xcassets */,
				F6D6BCE91DA40C0E0099620B /* LaunchScreen.storyboard */,
				F6D6BCEC1DA40C0E0099620B /* Info.plist */,
				F6D6BCF51DA40E4D0099620B /* Park.swift */,
			);
			path = npf2;
			sourceTree = "<group>";
		};
		F6D6BCF21DA40D590099620B /* Frameworks */ = {
			isa = PBXGroup;
			children = (
				F6D6BCF31DA40D590099620B /* CoreLocation.framework */,
			);
			name = Frameworks;
			sourceTree = "<group>";
		};
/* End PBXGroup section */

/* Begin PBXNativeTarget section */
		F6D6BCDC1DA40C090099620B /* npf2 */ = {
			isa = PBXNativeTarget;
			buildConfigurationList = F6D6BCEF1DA40C0E0099620B /* Build configuration list for PBXNativeTarget "npf2" */;
			buildPhases = (
				F6D6BCD91DA40C090099620B /* Sources */,
				F6D6BCDA1DA40C090099620B /* Frameworks */,
				F6D6BCDB1DA40C090099620B /* Resources */,
			);
			buildRules = (
			);
			dependencies = (
			);
			name = npf2;
			productName = npf2;
			productReference = F6D6BCDD1DA40C0E0099620B /* npf2.app */;
			productType = "com.apple.product-type.application";
		};
/* End PBXNativeTarget section */

/* Begin PBXProject section */
		F6D6BCD51DA40C080099620B /* Project object */ = {
			isa = PBXProject;
			attributes = {
				LastSwiftUpdateCheck = 0800;
				LastUpgradeCheck = 0800;
				ORGANIZATIONNAME = "Julianna Gabler";
				TargetAttributes = {
					F6D6BCDC1DA40C090099620B = {
						CreatedOnToolsVersion = 8.0;
						ProvisioningStyle = Automatic;
					};
				};
			};
			buildConfigurationList = F6D6BCD81DA40C080099620B /* Build configuration list for PBXProject "npf2" */;
			compatibilityVersion = "Xcode 3.2";
			developmentRegion = English;
			hasScannedForEncodings = 0;
			knownRegions = (
				en,
				Base,
			);
			mainGroup = F6D6BCD41DA40C080099620B;
			productRefGroup = F6D6BCDE1DA40C0E0099620B /* Products */;
			projectDirPath = "";
			projectRoot = "";
			targets = (
				F6D6BCDC1DA40C090099620B /* npf2 */,
			);
		};
/* End PBXProject section */

/* Begin PBXResourcesBuildPhase section */
		F6D6BCDB1DA40C090099620B /* Resources */ = {
			isa = PBXResourcesBuildPhase;
			buildActionMask = 2147483647;
			files = (
				F6D6BCEB1DA40C0E0099620B /* LaunchScreen.storyboard in Resources */,
				F6D6BCE81DA40C0E0099620B /* Assets.xcassets in Resources */,
				F6D6BCF81DA40ED60099620B /* data.plist in Resources */,
				F6D6BCE61DA40C0E0099620B /* Main.storyboard in Resources */,
			);
			runOnlyForDeploymentPostprocessing = 0;
		};
/* End PBXResourcesBuildPhase section */

/* Begin PBXSourcesBuildPhase section */
		F6D6BCD91DA40C090099620B /* Sources */ = {
			isa = PBXSourcesBuildPhase;
			buildActionMask = 2147483647;
			files = (
				F6D6BCE31DA40C0E0099620B /* ViewController.swift in Sources */,
				F6D6BCF61DA40E4D0099620B /* Park.swift in Sources */,
				F6D6BCE11DA40C0E0099620B /* AppDelegate.swift in Sources */,
			);
			runOnlyForDeploymentPostprocessing = 0;
		};
/* End PBXSourcesBuildPhase section */

/* Begin PBXVariantGroup section */
		F6D6BCE41DA40C0E0099620B /* Main.storyboard */ = {
			isa = PBXVariantGroup;
			children = (
				F6D6BCE51DA40C0E0099620B /* Base */,
			);
			name = Main.storyboard;
			sourceTree = "<group>";
		};
		F6D6BCE91DA40C0E0099620B /* LaunchScreen.storyboard */ = {
			isa = PBXVariantGroup;
			children = (
				F6D6BCEA1DA40C0E0099620B /* Base */,
			);
			name = LaunchScreen.storyboard;
			sourceTree = "<group>";
		};
/* End PBXVariantGroup section */

/* Begin XCBuildConfiguration section */
		F6D6BCED1DA40C0E0099620B /* Debug */ = {
			isa = XCBuildConfiguration;
			buildSettings = {
				ALWAYS_SEARCH_USER_PATHS = NO;
				CLANG_ANALYZER_NONNULL = YES;
				CLANG_CXX_LANGUAGE_STANDARD = "gnu++0x";
				CLANG_CXX_LIBRARY = "libc++";
				CLANG_ENABLE_MODULES = YES;
				CLANG_ENABLE_OBJC_ARC = YES;
				CLANG_WARN_BOOL_CONVERSION = YES;
				CLANG_WARN_CONSTANT_CONVERSION = YES;
				CLANG_WARN_DIRECT_OBJC_ISA_USAGE = YES_ERROR;
				CLANG_WARN_DOCUMENTATION_COMMENTS = YES;
				CLANG_WARN_EMPTY_BODY = YES;
				CLANG_WARN_ENUM_CONVERSION = YES;
				CLANG_WARN_INFINITE_RECURSION = YES;
				CLANG_WARN_INT_CONVERSION = YES;
				CLANG_WARN_OBJC_ROOT_CLASS = YES_ERROR;
				CLANG_WARN_SUSPICIOUS_MOVES = YES;
				CLANG_WARN_UNREACHABLE_CODE = YES;
				CLANG_WARN__DUPLICATE_METHOD_MATCH = YES;
				"CODE_SIGN_IDENTITY[sdk=iphoneos*]" = "iPhone Developer";
				COPY_PHASE_STRIP = NO;
				DEBUG_INFORMATION_FORMAT = dwarf;
				ENABLE_STRICT_OBJC_MSGSEND = YES;
				ENABLE_TESTABILITY = YES;
				GCC_C_LANGUAGE_STANDARD = gnu99;
				GCC_DYNAMIC_NO_PIC = NO;
				GCC_NO_COMMON_BLOCKS = YES;
				GCC_OPTIMIZATION_LEVEL = 0;
				GCC_PREPROCESSOR_DEFINITIONS = (
					"DEBUG=1",
					"$(inherited)",
				);
				GCC_WARN_64_TO_32_BIT_CONVERSION = YES;
				GCC_WARN_ABOUT_RETURN_TYPE = YES_ERROR;
				GCC_WARN_UNDECLARED_SELECTOR = YES;
				GCC_WARN_UNINITIALIZED_AUTOS = YES_AGGRESSIVE;
				GCC_WARN_UNUSED_FUNCTION = YES;
				GCC_WARN_UNUSED_VARIABLE = YES;
				IPHONEOS_DEPLOYMENT_TARGET = 10.0;
				MTL_ENABLE_DEBUG_INFO = YES;
				ONLY_ACTIVE_ARCH = YES;
				SDKROOT = iphoneos;
				SWIFT_ACTIVE_COMPILATION_CONDITIONS = DEBUG;
				SWIFT_OPTIMIZATION_LEVEL = "-Onone";
			};
			name = Debug;
		};
		F6D6BCEE1DA40C0E0099620B /* Release */ = {
			isa = XCBuildConfiguration;
			buildSettings = {
				ALWAYS_SEARCH_USER_PATHS = NO;
				CLANG_ANALYZER_NONNULL = YES;
				CLANG_CXX_LANGUAGE_STANDARD = "gnu++0x";
				CLANG_CXX_LIBRARY = "libc++";
				CLANG_ENABLE_MODULES = YES;
				CLANG_ENABLE_OBJC_ARC = YES;
				CLANG_WARN_BOOL_CONVERSION = YES;
				CLANG_WARN_CONSTANT_CONVERSION = YES;
				CLANG_WARN_DIRECT_OBJC_ISA_USAGE = YES_ERROR;
				CLANG_WARN_DOCUMENTATION_COMMENTS = YES;
				CLANG_WARN_EMPTY_BODY = YES;
				CLANG_WARN_ENUM_CONVERSION = YES;
				CLANG_WARN_INFINITE_RECURSION = YES;
				CLANG_WARN_INT_CONVERSION = YES;
				CLANG_WARN_OBJC_ROOT_CLASS = YES_ERROR;
				CLANG_WARN_SUSPICIOUS_MOVES = YES;
				CLANG_WARN_UNREACHABLE_CODE = YES;
				CLANG_WARN__DUPLICATE_METHOD_MATCH = YES;
				"CODE_SIGN_IDENTITY[sdk=iphoneos*]" = "iPhone Developer";
				COPY_PHASE_STRIP = NO;
				DEBUG_INFORMATION_FORMAT = "dwarf-with-dsym";
				ENABLE_NS_ASSERTIONS = NO;
				ENABLE_STRICT_OBJC_MSGSEND = YES;
				GCC_C_LANGUAGE_STANDARD = gnu99;
				GCC_NO_COMMON_BLOCKS = YES;
				GCC_WARN_64_TO_32_BIT_CONVERSION = YES;
				GCC_WARN_ABOUT_RETURN_TYPE = YES_ERROR;
				GCC_WARN_UNDECLARED_SELECTOR = YES;
				GCC_WARN_UNINITIALIZED_AUTOS = YES_AGGRESSIVE;
				GCC_WARN_UNUSED_FUNCTION = YES;
				GCC_WARN_UNUSED_VARIABLE = YES;
				IPHONEOS_DEPLOYMENT_TARGET = 10.0;
				MTL_ENABLE_DEBUG_INFO = NO;
				SDKROOT = iphoneos;
				SWIFT_OPTIMIZATION_LEVEL = "-Owholemodule";
				VALIDATE_PRODUCT = YES;
			};
			name = Release;
		};
		F6D6BCF01DA40C0E0099620B /* Debug */ = {
			isa = XCBuildConfiguration;
			buildSettings = {
				ASSETCATALOG_COMPILER_APPICON_NAME = AppIcon;
				INFOPLIST_FILE = npf2/Info.plist;
				LD_RUNPATH_SEARCH_PATHS = "$(inherited) @executable_path/Frameworks";
				PRODUCT_BUNDLE_IDENTIFIER = com.gabler.julianna.npf2;
				PRODUCT_NAME = "$(TARGET_NAME)";
				SWIFT_VERSION = 3.0;
			};
			name = Debug;
		};
		F6D6BCF11DA40C0E0099620B /* Release */ = {
			isa = XCBuildConfiguration;
			buildSettings = {
				ASSETCATALOG_COMPILER_APPICON_NAME = AppIcon;
				INFOPLIST_FILE = npf2/Info.plist;
				LD_RUNPATH_SEARCH_PATHS = "$(inherited) @executable_path/Frameworks";
				PRODUCT_BUNDLE_IDENTIFIER = com.gabler.julianna.npf2;
				PRODUCT_NAME = "$(TARGET_NAME)";
				SWIFT_VERSION = 3.0;
			};
			name = Release;
		};
/* End XCBuildConfiguration section */

/* Begin XCConfigurationList section */
		F6D6BCD81DA40C080099620B /* Build configuration list for PBXProject "npf2" */ = {
			isa = XCConfigurationList;
			buildConfigurations = (
				F6D6BCED1DA40C0E0099620B /* Debug */,
				F6D6BCEE1DA40C0E0099620B /* Release */,
			);
			defaultConfigurationIsVisible = 0;
			defaultConfigurationName = Release;
		};
		F6D6BCEF1DA40C0E0099620B /* Build configuration list for PBXNativeTarget "npf2" */ = {
			isa = XCConfigurationList;
			buildConfigurations = (
				F6D6BCF01DA40C0E0099620B /* Debug */,
				F6D6BCF11DA40C0E0099620B /* Release */,
			);
			defaultConfigurationIsVisible = 0;
		};
/* End XCConfigurationList section */
	};
	rootObject = F6D6BCD51DA40C080099620B /* Project object */;
}
