// !$*UTF8*$!
{
	archiveVersion = 1;
	classes = {
	};
	objectVersion = 46;
	objects = {

/* Begin PBXBuildFile section */
		F6481DB31DDD342100018638 /* AppDelegate.swift in Sources */ = {isa = PBXBuildFile; fileRef = F6481DB21DDD342100018638 /* AppDelegate.swift */; };
		F6481DB71DDD342100018638 /* SecondViewController.swift in Sources */ = {isa = PBXBuildFile; fileRef = F6481DB61DDD342100018638 /* SecondViewController.swift */; };
		F6481DBA1DDD342100018638 /* Main.storyboard in Resources */ = {isa = PBXBuildFile; fileRef = F6481DB81DDD342100018638 /* Main.storyboard */; };
		F6481DBC1DDD342100018638 /* Assets.xcassets in Resources */ = {isa = PBXBuildFile; fileRef = F6481DBB1DDD342100018638 /* Assets.xcassets */; };
		F6481DBF1DDD342100018638 /* LaunchScreen.storyboard in Resources */ = {isa = PBXBuildFile; fileRef = F6481DBD1DDD342100018638 /* LaunchScreen.storyboard */; };
		F6481DC81DDD349A00018638 /* MapViewController.swift in Sources */ = {isa = PBXBuildFile; fileRef = F6481DC71DDD349A00018638 /* MapViewController.swift */; };
		F6481DCA1DDD34E000018638 /* ParkTableViewController.swift in Sources */ = {isa = PBXBuildFile; fileRef = F6481DC91DDD34E000018638 /* ParkTableViewController.swift */; };
		F6481DCD1DDD352200018638 /* ParkDetailTableViewController.swift in Sources */ = {isa = PBXBuildFile; fileRef = F6481DCC1DDD352200018638 /* ParkDetailTableViewController.swift */; };
		F6481DCF1DDD357300018638 /* FavoritesViewController.swift in Sources */ = {isa = PBXBuildFile; fileRef = F6481DCE1DDD357300018638 /* FavoritesViewController.swift */; };
		F6481DD41DDD35F700018638 /* MkMapViewDelegate.swift in Sources */ = {isa = PBXBuildFile; fileRef = F6481DD31DDD35F700018638 /* MkMapViewDelegate.swift */; };
		F6481DD61DDD367600018638 /* CLLocationManagerDelegate.swift in Sources */ = {isa = PBXBuildFile; fileRef = F6481DD51DDD367600018638 /* CLLocationManagerDelegate.swift */; };
		F6481DD81DDD36A100018638 /* Park.swift in Sources */ = {isa = PBXBuildFile; fileRef = F6481DD71DDD36A100018638 /* Park.swift */; };
		F6481DDB1DDD36CE00018638 /* Parks.swift in Sources */ = {isa = PBXBuildFile; fileRef = F6481DDA1DDD36CE00018638 /* Parks.swift */; };
		F6481DDE1DDD36E800018638 /* CoreLocation.framework in Frameworks */ = {isa = PBXBuildFile; fileRef = F6481DDD1DDD36E800018638 /* CoreLocation.framework */; };
		F6481DE01DDD36F800018638 /* MapKit.framework in Frameworks */ = {isa = PBXBuildFile; fileRef = F6481DDF1DDD36F800018638 /* MapKit.framework */; };
		F6481DEA1DDD617D00018638 /* data.plist in Resources */ = {isa = PBXBuildFile; fileRef = F6481DE91DDD617D00018638 /* data.plist */; };
/* End PBXBuildFile section */

/* Begin PBXFileReference section */
		F6481DAF1DDD342100018638 /* national-park-finder.app */ = {isa = PBXFileReference; explicitFileType = wrapper.application; includeInIndex = 0; path = "national-park-finder.app"; sourceTree = BUILT_PRODUCTS_DIR; };
		F6481DB21DDD342100018638 /* AppDelegate.swift */ = {isa = PBXFileReference; lastKnownFileType = sourcecode.swift; path = AppDelegate.swift; sourceTree = "<group>"; };
		F6481DB61DDD342100018638 /* SecondViewController.swift */ = {isa = PBXFileReference; lastKnownFileType = sourcecode.swift; path = SecondViewController.swift; sourceTree = "<group>"; };
		F6481DB91DDD342100018638 /* Base */ = {isa = PBXFileReference; lastKnownFileType = file.storyboard; name = Base; path = Base.lproj/Main.storyboard; sourceTree = "<group>"; };
		F6481DBB1DDD342100018638 /* Assets.xcassets */ = {isa = PBXFileReference; lastKnownFileType = folder.assetcatalog; path = Assets.xcassets; sourceTree = "<group>"; };
		F6481DBE1DDD342100018638 /* Base */ = {isa = PBXFileReference; lastKnownFileType = file.storyboard; name = Base; path = Base.lproj/LaunchScreen.storyboard; sourceTree = "<group>"; };
		F6481DC01DDD342100018638 /* Info.plist */ = {isa = PBXFileReference; lastKnownFileType = text.plist.xml; path = Info.plist; sourceTree = "<group>"; };
		F6481DC71DDD349A00018638 /* MapViewController.swift */ = {isa = PBXFileReference; fileEncoding = 4; lastKnownFileType = sourcecode.swift; path = MapViewController.swift; sourceTree = "<group>"; };
		F6481DC91DDD34E000018638 /* ParkTableViewController.swift */ = {isa = PBXFileReference; fileEncoding = 4; lastKnownFileType = sourcecode.swift; path = ParkTableViewController.swift; sourceTree = "<group>"; };
		F6481DCC1DDD352200018638 /* ParkDetailTableViewController.swift */ = {isa = PBXFileReference; fileEncoding = 4; lastKnownFileType = sourcecode.swift; path = ParkDetailTableViewController.swift; sourceTree = "<group>"; };
		F6481DCE1DDD357300018638 /* FavoritesViewController.swift */ = {isa = PBXFileReference; fileEncoding = 4; lastKnownFileType = sourcecode.swift; path = FavoritesViewController.swift; sourceTree = "<group>"; };
		F6481DD31DDD35F700018638 /* MkMapViewDelegate.swift */ = {isa = PBXFileReference; fileEncoding = 4; lastKnownFileType = sourcecode.swift; path = MkMapViewDelegate.swift; sourceTree = "<group>"; };
		F6481DD51DDD367600018638 /* CLLocationManagerDelegate.swift */ = {isa = PBXFileReference; fileEncoding = 4; lastKnownFileType = sourcecode.swift; path = CLLocationManagerDelegate.swift; sourceTree = "<group>"; };
		F6481DD71DDD36A100018638 /* Park.swift */ = {isa = PBXFileReference; fileEncoding = 4; lastKnownFileType = sourcecode.swift; path = Park.swift; sourceTree = "<group>"; };
		F6481DDA1DDD36CE00018638 /* Parks.swift */ = {isa = PBXFileReference; fileEncoding = 4; lastKnownFileType = sourcecode.swift; path = Parks.swift; sourceTree = "<group>"; };
		F6481DDD1DDD36E800018638 /* CoreLocation.framework */ = {isa = PBXFileReference; lastKnownFileType = wrapper.framework; name = CoreLocation.framework; path = System/Library/Frameworks/CoreLocation.framework; sourceTree = SDKROOT; };
		F6481DDF1DDD36F800018638 /* MapKit.framework */ = {isa = PBXFileReference; lastKnownFileType = wrapper.framework; name = MapKit.framework; path = System/Library/Frameworks/MapKit.framework; sourceTree = SDKROOT; };
		F6481DE91DDD617D00018638 /* data.plist */ = {isa = PBXFileReference; fileEncoding = 4; lastKnownFileType = text.plist.xml; path = data.plist; sourceTree = "<group>"; };
/* End PBXFileReference section */

/* Begin PBXFrameworksBuildPhase section */
		F6481DAC1DDD342100018638 /* Frameworks */ = {
			isa = PBXFrameworksBuildPhase;
			buildActionMask = 2147483647;
			files = (
				F6481DE01DDD36F800018638 /* MapKit.framework in Frameworks */,
				F6481DDE1DDD36E800018638 /* CoreLocation.framework in Frameworks */,
			);
			runOnlyForDeploymentPostprocessing = 0;
		};
/* End PBXFrameworksBuildPhase section */

/* Begin PBXGroup section */
		F6481DA61DDD342100018638 = {
			isa = PBXGroup;
			children = (
				F6481DB11DDD342100018638 /* national-park-finder */,
				F6481DB01DDD342100018638 /* Products */,
				F6481DDC1DDD36E800018638 /* Frameworks */,
			);
			sourceTree = "<group>";
		};
		F6481DB01DDD342100018638 /* Products */ = {
			isa = PBXGroup;
			children = (
				F6481DAF1DDD342100018638 /* national-park-finder.app */,
			);
			name = Products;
			sourceTree = "<group>";
		};
		F6481DB11DDD342100018638 /* national-park-finder */ = {
			isa = PBXGroup;
			children = (
				F6481DB21DDD342100018638 /* AppDelegate.swift */,
				F6481DE11DDD3E6400018638 /* Assets */,
				F6481DE81DDD616B00018638 /* Data */,
				F6481DD91DDD36A600018638 /* Model */,
				F6481DEC1DDD6E4E00018638 /* Storyboard */,
				F6481DC61DDD344200018638 /* View Controllers */,
			);
			path = "national-park-finder";
			sourceTree = "<group>";
		};
		F6481DC61DDD344200018638 /* View Controllers */ = {
			isa = PBXGroup;
			children = (
				F6481DD21DDD35BD00018638 /* MapView */,
				F6481DB61DDD342100018638 /* SecondViewController.swift */,
				F6481DEB1DDD6D9C00018638 /* Park Table */,
				F6481DCE1DDD357300018638 /* FavoritesViewController.swift */,
			);
			name = "View Controllers";
			sourceTree = "<group>";
		};
		F6481DD21DDD35BD00018638 /* MapView */ = {
			isa = PBXGroup;
			children = (
				F6481DC71DDD349A00018638 /* MapViewController.swift */,
				F6481DD31DDD35F700018638 /* MkMapViewDelegate.swift */,
				F6481DD51DDD367600018638 /* CLLocationManagerDelegate.swift */,
			);
			name = MapView;
			sourceTree = "<group>";
		};
		F6481DD91DDD36A600018638 /* Model */ = {
			isa = PBXGroup;
			children = (
				F6481DD71DDD36A100018638 /* Park.swift */,
				F6481DDA1DDD36CE00018638 /* Parks.swift */,
			);
			name = Model;
			sourceTree = "<group>";
		};
		F6481DDC1DDD36E800018638 /* Frameworks */ = {
			isa = PBXGroup;
			children = (
				F6481DDF1DDD36F800018638 /* MapKit.framework */,
				F6481DDD1DDD36E800018638 /* CoreLocation.framework */,
			);
			name = Frameworks;
			sourceTree = "<group>";
		};
		F6481DE11DDD3E6400018638 /* Assets */ = {
			isa = PBXGroup;
			children = (
				F6481DBB1DDD342100018638 /* Assets.xcassets */,
			);
			name = Assets;
			sourceTree = "<group>";
		};
		F6481DE81DDD616B00018638 /* Data */ = {
			isa = PBXGroup;
			children = (
				F6481DE91DDD617D00018638 /* data.plist */,
				F6481DC01DDD342100018638 /* Info.plist */,
			);
			name = Data;
			sourceTree = "<group>";
		};
		F6481DEB1DDD6D9C00018638 /* Park Table */ = {
			isa = PBXGroup;
			children = (
				F6481DC91DDD34E000018638 /* ParkTableViewController.swift */,
				F6481DCC1DDD352200018638 /* ParkDetailTableViewController.swift */,
			);
			name = "Park Table";
			sourceTree = "<group>";
		};
		F6481DEC1DDD6E4E00018638 /* Storyboard */ = {
			isa = PBXGroup;
			children = (
				F6481DB81DDD342100018638 /* Main.storyboard */,
				F6481DBD1DDD342100018638 /* LaunchScreen.storyboard */,
			);
			name = Storyboard;
			sourceTree = "<group>";
		};
/* End PBXGroup section */

/* Begin PBXNativeTarget section */
		F6481DAE1DDD342100018638 /* national-park-finder */ = {
			isa = PBXNativeTarget;
			buildConfigurationList = F6481DC31DDD342100018638 /* Build configuration list for PBXNativeTarget "national-park-finder" */;
			buildPhases = (
				F6481DAB1DDD342100018638 /* Sources */,
				F6481DAC1DDD342100018638 /* Frameworks */,
				F6481DAD1DDD342100018638 /* Resources */,
			);
			buildRules = (
			);
			dependencies = (
			);
			name = "national-park-finder";
			productName = "national-park-finder";
			productReference = F6481DAF1DDD342100018638 /* national-park-finder.app */;
			productType = "com.apple.product-type.application";
		};
/* End PBXNativeTarget section */

/* Begin PBXProject section */
		F6481DA71DDD342100018638 /* Project object */ = {
			isa = PBXProject;
			attributes = {
				LastSwiftUpdateCheck = 0800;
				LastUpgradeCheck = 0800;
				ORGANIZATIONNAME = "Julianna Gabler";
				TargetAttributes = {
					F6481DAE1DDD342100018638 = {
						CreatedOnToolsVersion = 8.0;
						ProvisioningStyle = Automatic;
					};
				};
			};
			buildConfigurationList = F6481DAA1DDD342100018638 /* Build configuration list for PBXProject "national-park-finder" */;
			compatibilityVersion = "Xcode 3.2";
			developmentRegion = English;
			hasScannedForEncodings = 0;
			knownRegions = (
				en,
				Base,
			);
			mainGroup = F6481DA61DDD342100018638;
			productRefGroup = F6481DB01DDD342100018638 /* Products */;
			projectDirPath = "";
			projectRoot = "";
			targets = (
				F6481DAE1DDD342100018638 /* national-park-finder */,
			);
		};
/* End PBXProject section */

/* Begin PBXResourcesBuildPhase section */
		F6481DAD1DDD342100018638 /* Resources */ = {
			isa = PBXResourcesBuildPhase;
			buildActionMask = 2147483647;
			files = (
				F6481DBF1DDD342100018638 /* LaunchScreen.storyboard in Resources */,
				F6481DBC1DDD342100018638 /* Assets.xcassets in Resources */,
				F6481DEA1DDD617D00018638 /* data.plist in Resources */,
				F6481DBA1DDD342100018638 /* Main.storyboard in Resources */,
			);
			runOnlyForDeploymentPostprocessing = 0;
		};
/* End PBXResourcesBuildPhase section */

/* Begin PBXSourcesBuildPhase section */
		F6481DAB1DDD342100018638 /* Sources */ = {
			isa = PBXSourcesBuildPhase;
			buildActionMask = 2147483647;
			files = (
				F6481DD61DDD367600018638 /* CLLocationManagerDelegate.swift in Sources */,
				F6481DCD1DDD352200018638 /* ParkDetailTableViewController.swift in Sources */,
				F6481DB71DDD342100018638 /* SecondViewController.swift in Sources */,
				F6481DCF1DDD357300018638 /* FavoritesViewController.swift in Sources */,
				F6481DB31DDD342100018638 /* AppDelegate.swift in Sources */,
				F6481DD41DDD35F700018638 /* MkMapViewDelegate.swift in Sources */,
				F6481DD81DDD36A100018638 /* Park.swift in Sources */,
				F6481DCA1DDD34E000018638 /* ParkTableViewController.swift in Sources */,
				F6481DC81DDD349A00018638 /* MapViewController.swift in Sources */,
				F6481DDB1DDD36CE00018638 /* Parks.swift in Sources */,
			);
			runOnlyForDeploymentPostprocessing = 0;
		};
/* End PBXSourcesBuildPhase section */

/* Begin PBXVariantGroup section */
		F6481DB81DDD342100018638 /* Main.storyboard */ = {
			isa = PBXVariantGroup;
			children = (
				F6481DB91DDD342100018638 /* Base */,
			);
			name = Main.storyboard;
			sourceTree = "<group>";
		};
		F6481DBD1DDD342100018638 /* LaunchScreen.storyboard */ = {
			isa = PBXVariantGroup;
			children = (
				F6481DBE1DDD342100018638 /* Base */,
			);
			name = LaunchScreen.storyboard;
			sourceTree = "<group>";
		};
/* End PBXVariantGroup section */

/* Begin XCBuildConfiguration section */
		F6481DC11DDD342100018638 /* Debug */ = {
			isa = XCBuildConfiguration;
			buildSettings = {
				ALWAYS_SEARCH_USER_PATHS = NO;
				CLANG_ANALYZER_NONNULL = YES;
				CLANG_CXX_LANGUAGE_STANDARD = "gnu++0x";
				CLANG_CXX_LIBRARY = "libc++";
				CLANG_ENABLE_MODULES = YES;
				CLANG_ENABLE_OBJC_ARC = YES;
				CLANG_WARN_BOOL_CONVERSION = YES;
				CLANG_WARN_CONSTANT_CONVERSION = YES;
				CLANG_WARN_DIRECT_OBJC_ISA_USAGE = YES_ERROR;
				CLANG_WARN_DOCUMENTATION_COMMENTS = YES;
				CLANG_WARN_EMPTY_BODY = YES;
				CLANG_WARN_ENUM_CONVERSION = YES;
				CLANG_WARN_INFINITE_RECURSION = YES;
				CLANG_WARN_INT_CONVERSION = YES;
				CLANG_WARN_OBJC_ROOT_CLASS = YES_ERROR;
				CLANG_WARN_SUSPICIOUS_MOVES = YES;
				CLANG_WARN_UNREACHABLE_CODE = YES;
				CLANG_WARN__DUPLICATE_METHOD_MATCH = YES;
				"CODE_SIGN_IDENTITY[sdk=iphoneos*]" = "iPhone Developer";
				COPY_PHASE_STRIP = NO;
				DEBUG_INFORMATION_FORMAT = dwarf;
				ENABLE_STRICT_OBJC_MSGSEND = YES;
				ENABLE_TESTABILITY = YES;
				GCC_C_LANGUAGE_STANDARD = gnu99;
				GCC_DYNAMIC_NO_PIC = NO;
				GCC_NO_COMMON_BLOCKS = YES;
				GCC_OPTIMIZATION_LEVEL = 0;
				GCC_PREPROCESSOR_DEFINITIONS = (
					"DEBUG=1",
					"$(inherited)",
				);
				GCC_WARN_64_TO_32_BIT_CONVERSION = YES;
				GCC_WARN_ABOUT_RETURN_TYPE = YES_ERROR;
				GCC_WARN_UNDECLARED_SELECTOR = YES;
				GCC_WARN_UNINITIALIZED_AUTOS = YES_AGGRESSIVE;
				GCC_WARN_UNUSED_FUNCTION = YES;
				GCC_WARN_UNUSED_VARIABLE = YES;
				IPHONEOS_DEPLOYMENT_TARGET = 10.0;
				MTL_ENABLE_DEBUG_INFO = YES;
				ONLY_ACTIVE_ARCH = YES;
				SDKROOT = iphoneos;
				SWIFT_ACTIVE_COMPILATION_CONDITIONS = DEBUG;
				SWIFT_OPTIMIZATION_LEVEL = "-Onone";
			};
			name = Debug;
		};
		F6481DC21DDD342100018638 /* Release */ = {
			isa = XCBuildConfiguration;
			buildSettings = {
				ALWAYS_SEARCH_USER_PATHS = NO;
				CLANG_ANALYZER_NONNULL = YES;
				CLANG_CXX_LANGUAGE_STANDARD = "gnu++0x";
				CLANG_CXX_LIBRARY = "libc++";
				CLANG_ENABLE_MODULES = YES;
				CLANG_ENABLE_OBJC_ARC = YES;
				CLANG_WARN_BOOL_CONVERSION = YES;
				CLANG_WARN_CONSTANT_CONVERSION = YES;
				CLANG_WARN_DIRECT_OBJC_ISA_USAGE = YES_ERROR;
				CLANG_WARN_DOCUMENTATION_COMMENTS = YES;
				CLANG_WARN_EMPTY_BODY = YES;
				CLANG_WARN_ENUM_CONVERSION = YES;
				CLANG_WARN_INFINITE_RECURSION = YES;
				CLANG_WARN_INT_CONVERSION = YES;
				CLANG_WARN_OBJC_ROOT_CLASS = YES_ERROR;
				CLANG_WARN_SUSPICIOUS_MOVES = YES;
				CLANG_WARN_UNREACHABLE_CODE = YES;
				CLANG_WARN__DUPLICATE_METHOD_MATCH = YES;
				"CODE_SIGN_IDENTITY[sdk=iphoneos*]" = "iPhone Developer";
				COPY_PHASE_STRIP = NO;
				DEBUG_INFORMATION_FORMAT = "dwarf-with-dsym";
				ENABLE_NS_ASSERTIONS = NO;
				ENABLE_STRICT_OBJC_MSGSEND = YES;
				GCC_C_LANGUAGE_STANDARD = gnu99;
				GCC_NO_COMMON_BLOCKS = YES;
				GCC_WARN_64_TO_32_BIT_CONVERSION = YES;
				GCC_WARN_ABOUT_RETURN_TYPE = YES_ERROR;
				GCC_WARN_UNDECLARED_SELECTOR = YES;
				GCC_WARN_UNINITIALIZED_AUTOS = YES_AGGRESSIVE;
				GCC_WARN_UNUSED_FUNCTION = YES;
				GCC_WARN_UNUSED_VARIABLE = YES;
				IPHONEOS_DEPLOYMENT_TARGET = 10.0;
				MTL_ENABLE_DEBUG_INFO = NO;
				SDKROOT = iphoneos;
				SWIFT_OPTIMIZATION_LEVEL = "-Owholemodule";
				VALIDATE_PRODUCT = YES;
			};
			name = Release;
		};
		F6481DC41DDD342100018638 /* Debug */ = {
			isa = XCBuildConfiguration;
			buildSettings = {
				ASSETCATALOG_COMPILER_APPICON_NAME = AppIcon;
				INFOPLIST_FILE = "national-park-finder/Info.plist";
				LD_RUNPATH_SEARCH_PATHS = "$(inherited) @executable_path/Frameworks";
				PRODUCT_BUNDLE_IDENTIFIER = "com.gabler.julianna.national-park-finder";
				PRODUCT_NAME = "$(TARGET_NAME)";
				SWIFT_VERSION = 3.0;
			};
			name = Debug;
		};
		F6481DC51DDD342100018638 /* Release */ = {
			isa = XCBuildConfiguration;
			buildSettings = {
				ASSETCATALOG_COMPILER_APPICON_NAME = AppIcon;
				INFOPLIST_FILE = "national-park-finder/Info.plist";
				LD_RUNPATH_SEARCH_PATHS = "$(inherited) @executable_path/Frameworks";
				PRODUCT_BUNDLE_IDENTIFIER = "com.gabler.julianna.national-park-finder";
				PRODUCT_NAME = "$(TARGET_NAME)";
				SWIFT_VERSION = 3.0;
			};
			name = Release;
		};
/* End XCBuildConfiguration section */

/* Begin XCConfigurationList section */
		F6481DAA1DDD342100018638 /* Build configuration list for PBXProject "national-park-finder" */ = {
			isa = XCConfigurationList;
			buildConfigurations = (
				F6481DC11DDD342100018638 /* Debug */,
				F6481DC21DDD342100018638 /* Release */,
			);
			defaultConfigurationIsVisible = 0;
			defaultConfigurationName = Release;
		};
		F6481DC31DDD342100018638 /* Build configuration list for PBXNativeTarget "national-park-finder" */ = {
			isa = XCConfigurationList;
			buildConfigurations = (
				F6481DC41DDD342100018638 /* Debug */,
				F6481DC51DDD342100018638 /* Release */,
			);
			defaultConfigurationIsVisible = 0;
		};
/* End XCConfigurationList section */
	};
	rootObject = F6481DA71DDD342100018638 /* Project object */;
}
